
Microsoft Visual Studio Solution File, Format Version 12.00
# Visual Studio 14
VisualStudioVersion = 14.0.25420.1
MinimumVisualStudioVersion = 10.0.40219.1
Project("{FAE04EC0-301F-11D3-BF4B-00C04F79EFBC}") = "homework oop 2", "homework oop 2\homework oop 2.csproj", "{BA50A04B-E366-4E69-B849-2FE9C3F0D332}"
EndProject
Global
	GlobalSection(SolutionConfigurationPlatforms) = preSolution
		Debug|Any CPU = Debug|Any CPU
		Release|Any CPU = Release|Any CPU
	EndGlobalSection
	GlobalSection(ProjectConfigurationPlatforms) = postSolution
		{BA50A04B-E366-4E69-B849-2FE9C3F0D332}.Debug|Any CPU.ActiveCfg = Debug|Any CPU
		{BA50A04B-E366-4E69-B849-2FE9C3F0D332}.Debug|Any CPU.Build.0 = Debug|Any CPU
		{BA50A04B-E366-4E69-B849-2FE9C3F0D332}.Release|Any CPU.ActiveCfg = Release|Any CPU
		{BA50A04B-E366-4E69-B849-2FE9C3F0D332}.Release|Any CPU.Build.0 = Release|Any CPU
	EndGlobalSection
	GlobalSection(SolutionProperties) = preSolution
		HideSolutionNode = FALSE
	EndGlobalSection
EndGlobal
